// !$*UTF8*$!
{
	archiveVersion = 1;
	classes = {
	};
	objectVersion = 51;
	objects = {

/* Begin PBXBuildFile section */
		5B7BC374242491BF00668ACD /* ProfileViewController.swift in Sources */ = {isa = PBXBuildFile; fileRef = 5B7BC373242491BF00668ACD /* ProfileViewController.swift */; };
		5B7BC3762424973300668ACD /* GoogleService-Info.plist in Resources */ = {isa = PBXBuildFile; fileRef = 5B7BC3752424973300668ACD /* GoogleService-Info.plist */; };
		5B7BC3782424A57A00668ACD /* mapViewController.swift in Sources */ = {isa = PBXBuildFile; fileRef = 5B7BC3772424A57A00668ACD /* mapViewController.swift */; };
		5B7BC37A2424F3C200668ACD /* DataViewController.swift in Sources */ = {isa = PBXBuildFile; fileRef = 5B7BC3792424F3C200668ACD /* DataViewController.swift */; };
		5B7BC37C2424FCF200668ACD /* dataTableViewCell.swift in Sources */ = {isa = PBXBuildFile; fileRef = 5B7BC37B2424FCF200668ACD /* dataTableViewCell.swift */; };
		5B7BC37E24250BBA00668ACD /* File in Resources */ = {isa = PBXBuildFile; fileRef = 5B7BC37D24250BBA00668ACD /* File */; };
		5B7BC3802425104600668ACD /* ShowProfileDataViewController.swift in Sources */ = {isa = PBXBuildFile; fileRef = 5B7BC37F2425104600668ACD /* ShowProfileDataViewController.swift */; };
		5B7BC38224253D8000668ACD /* Utilities.swift in Sources */ = {isa = PBXBuildFile; fileRef = 5B7BC38124253D8000668ACD /* Utilities.swift */; };
		5BA5F8422426611700B88547 /* Countries.swift in Sources */ = {isa = PBXBuildFile; fileRef = 5BA5F8412426611700B88547 /* Countries.swift */; };
		8690A3C32423E482004913F1 /* AppDelegate.swift in Sources */ = {isa = PBXBuildFile; fileRef = 8690A3C22423E482004913F1 /* AppDelegate.swift */; };
		8690A3C52423E482004913F1 /* SceneDelegate.swift in Sources */ = {isa = PBXBuildFile; fileRef = 8690A3C42423E482004913F1 /* SceneDelegate.swift */; };
		8690A3C72423E482004913F1 /* ViewController.swift in Sources */ = {isa = PBXBuildFile; fileRef = 8690A3C62423E482004913F1 /* ViewController.swift */; };
		8690A3CA2423E482004913F1 /* Main.storyboard in Resources */ = {isa = PBXBuildFile; fileRef = 8690A3C82423E482004913F1 /* Main.storyboard */; };
		8690A3CC2423E487004913F1 /* Assets.xcassets in Resources */ = {isa = PBXBuildFile; fileRef = 8690A3CB2423E487004913F1 /* Assets.xcassets */; };
		8690A3CF2423E487004913F1 /* LaunchScreen.storyboard in Resources */ = {isa = PBXBuildFile; fileRef = 8690A3CD2423E487004913F1 /* LaunchScreen.storyboard */; };
		A32091666F1CA4AC7781E77D /* Pods_ACM_Challenge2.framework in Frameworks */ = {isa = PBXBuildFile; fileRef = C0C8B99EF123D89B4EB7CDFD /* Pods_ACM_Challenge2.framework */; };
/* End PBXBuildFile section */

/* Begin PBXFileReference section */
		5B7BC373242491BF00668ACD /* ProfileViewController.swift */ = {isa = PBXFileReference; lastKnownFileType = sourcecode.swift; path = ProfileViewController.swift; sourceTree = "<group>"; };
		5B7BC3752424973300668ACD /* GoogleService-Info.plist */ = {isa = PBXFileReference; fileEncoding = 4; lastKnownFileType = text.plist.xml; path = "GoogleService-Info.plist"; sourceTree = "<group>"; };
		5B7BC3772424A57A00668ACD /* mapViewController.swift */ = {isa = PBXFileReference; lastKnownFileType = sourcecode.swift; path = mapViewController.swift; sourceTree = "<group>"; };
		5B7BC3792424F3C200668ACD /* DataViewController.swift */ = {isa = PBXFileReference; lastKnownFileType = sourcecode.swift; path = DataViewController.swift; sourceTree = "<group>"; };
		5B7BC37B2424FCF200668ACD /* dataTableViewCell.swift */ = {isa = PBXFileReference; lastKnownFileType = sourcecode.swift; path = dataTableViewCell.swift; sourceTree = "<group>"; };
		5B7BC37D24250BBA00668ACD /* File */ = {isa = PBXFileReference; lastKnownFileType = text; path = File; sourceTree = "<group>"; };
		5B7BC37F2425104600668ACD /* ShowProfileDataViewController.swift */ = {isa = PBXFileReference; lastKnownFileType = sourcecode.swift; path = ShowProfileDataViewController.swift; sourceTree = "<group>"; };
		5B7BC38124253D8000668ACD /* Utilities.swift */ = {isa = PBXFileReference; lastKnownFileType = sourcecode.swift; path = Utilities.swift; sourceTree = "<group>"; };
		5BA5F8412426611700B88547 /* Countries.swift */ = {isa = PBXFileReference; lastKnownFileType = sourcecode.swift; path = Countries.swift; sourceTree = "<group>"; };
		8690A3BF2423E482004913F1 /* ACM-Challenge2.app */ = {isa = PBXFileReference; explicitFileType = wrapper.application; includeInIndex = 0; path = "ACM-Challenge2.app"; sourceTree = BUILT_PRODUCTS_DIR; };
		8690A3C22423E482004913F1 /* AppDelegate.swift */ = {isa = PBXFileReference; lastKnownFileType = sourcecode.swift; path = AppDelegate.swift; sourceTree = "<group>"; };
		8690A3C42423E482004913F1 /* SceneDelegate.swift */ = {isa = PBXFileReference; lastKnownFileType = sourcecode.swift; path = SceneDelegate.swift; sourceTree = "<group>"; };
		8690A3C62423E482004913F1 /* ViewController.swift */ = {isa = PBXFileReference; lastKnownFileType = sourcecode.swift; path = ViewController.swift; sourceTree = "<group>"; };
		8690A3C92423E482004913F1 /* Base */ = {isa = PBXFileReference; lastKnownFileType = file.storyboard; name = Base; path = Base.lproj/Main.storyboard; sourceTree = "<group>"; };
		8690A3CB2423E487004913F1 /* Assets.xcassets */ = {isa = PBXFileReference; lastKnownFileType = folder.assetcatalog; path = Assets.xcassets; sourceTree = "<group>"; };
		8690A3CE2423E487004913F1 /* Base */ = {isa = PBXFileReference; lastKnownFileType = file.storyboard; name = Base; path = Base.lproj/LaunchScreen.storyboard; sourceTree = "<group>"; };
		8690A3D02423E487004913F1 /* Info.plist */ = {isa = PBXFileReference; lastKnownFileType = text.plist.xml; path = Info.plist; sourceTree = "<group>"; };
		A2B4210C593D899315A449AE /* Pods-ACM-Challenge2.release.xcconfig */ = {isa = PBXFileReference; includeInIndex = 1; lastKnownFileType = text.xcconfig; name = "Pods-ACM-Challenge2.release.xcconfig"; path = "Target Support Files/Pods-ACM-Challenge2/Pods-ACM-Challenge2.release.xcconfig"; sourceTree = "<group>"; };
		B089476B60653F30A3D2424C /* Pods-ACM-Challenge2.debug.xcconfig */ = {isa = PBXFileReference; includeInIndex = 1; lastKnownFileType = text.xcconfig; name = "Pods-ACM-Challenge2.debug.xcconfig"; path = "Target Support Files/Pods-ACM-Challenge2/Pods-ACM-Challenge2.debug.xcconfig"; sourceTree = "<group>"; };
		C0C8B99EF123D89B4EB7CDFD /* Pods_ACM_Challenge2.framework */ = {isa = PBXFileReference; explicitFileType = wrapper.framework; includeInIndex = 0; path = Pods_ACM_Challenge2.framework; sourceTree = BUILT_PRODUCTS_DIR; };
/* End PBXFileReference section */

/* Begin PBXFrameworksBuildPhase section */
		8690A3BC2423E482004913F1 /* Frameworks */ = {
			isa = PBXFrameworksBuildPhase;
			buildActionMask = 2147483647;
			files = (
				A32091666F1CA4AC7781E77D /* Pods_ACM_Challenge2.framework in Frameworks */,
			);
			runOnlyForDeploymentPostprocessing = 0;
		};
/* End PBXFrameworksBuildPhase section */

/* Begin PBXGroup section */
		8690A3B62423E482004913F1 = {
			isa = PBXGroup;
			children = (
				8690A3C12423E482004913F1 /* ACM-Challenge2 */,
				8690A3C02423E482004913F1 /* Products */,
				F2DE97907B6BA00838223953 /* Pods */,
				E72640AB64A9F06C12F97A1E /* Frameworks */,
			);
			sourceTree = "<group>";
		};
		8690A3C02423E482004913F1 /* Products */ = {
			isa = PBXGroup;
			children = (
				8690A3BF2423E482004913F1 /* ACM-Challenge2.app */,
			);
			name = Products;
			sourceTree = "<group>";
		};
		8690A3C12423E482004913F1 /* ACM-Challenge2 */ = {
			isa = PBXGroup;
			children = (
				5B7BC37D24250BBA00668ACD /* File */,
				8690A3C22423E482004913F1 /* AppDelegate.swift */,
				8690A3C42423E482004913F1 /* SceneDelegate.swift */,
				8690A3C62423E482004913F1 /* ViewController.swift */,
				8690A3C82423E482004913F1 /* Main.storyboard */,
				8690A3CB2423E487004913F1 /* Assets.xcassets */,
				8690A3CD2423E487004913F1 /* LaunchScreen.storyboard */,
				8690A3D02423E487004913F1 /* Info.plist */,
				5B7BC3752424973300668ACD /* GoogleService-Info.plist */,
				5B7BC373242491BF00668ACD /* ProfileViewController.swift */,
				5B7BC3772424A57A00668ACD /* mapViewController.swift */,
				5B7BC3792424F3C200668ACD /* DataViewController.swift */,
				5B7BC37B2424FCF200668ACD /* dataTableViewCell.swift */,
				5B7BC37F2425104600668ACD /* ShowProfileDataViewController.swift */,
				5B7BC38124253D8000668ACD /* Utilities.swift */,
				5BA5F8412426611700B88547 /* Countries.swift */,
			);
			path = "ACM-Challenge2";
			sourceTree = "<group>";
		};
		E72640AB64A9F06C12F97A1E /* Frameworks */ = {
			isa = PBXGroup;
			children = (
				C0C8B99EF123D89B4EB7CDFD /* Pods_ACM_Challenge2.framework */,
			);
			name = Frameworks;
			sourceTree = "<group>";
		};
		F2DE97907B6BA00838223953 /* Pods */ = {
			isa = PBXGroup;
			children = (
				B089476B60653F30A3D2424C /* Pods-ACM-Challenge2.debug.xcconfig */,
				A2B4210C593D899315A449AE /* Pods-ACM-Challenge2.release.xcconfig */,
			);
			path = Pods;
			sourceTree = "<group>";
		};
/* End PBXGroup section */

/* Begin PBXNativeTarget section */
		8690A3BE2423E482004913F1 /* ACM-Challenge2 */ = {
			isa = PBXNativeTarget;
			buildConfigurationList = 8690A3D32423E487004913F1 /* Build configuration list for PBXNativeTarget "ACM-Challenge2" */;
			buildPhases = (
				949724590817356FE3952EC9 /* [CP] Check Pods Manifest.lock */,
				8690A3BB2423E482004913F1 /* Sources */,
				8690A3BC2423E482004913F1 /* Frameworks */,
				8690A3BD2423E482004913F1 /* Resources */,
				C468172A3C9EC80B16E7F3E6 /* [CP] Embed Pods Frameworks */,
			);
			buildRules = (
			);
			dependencies = (
			);
			name = "ACM-Challenge2";
			productName = "ACM-Challenge2";
			productReference = 8690A3BF2423E482004913F1 /* ACM-Challenge2.app */;
			productType = "com.apple.product-type.application";
		};
/* End PBXNativeTarget section */

/* Begin PBXProject section */
		8690A3B72423E482004913F1 /* Project object */ = {
			isa = PBXProject;
			attributes = {
				LastSwiftUpdateCheck = 1130;
				LastUpgradeCheck = 1130;
				ORGANIZATIONNAME = "Garima Bothra";
				TargetAttributes = {
					8690A3BE2423E482004913F1 = {
						CreatedOnToolsVersion = 11.3.1;
					};
				};
			};
			buildConfigurationList = 8690A3BA2423E482004913F1 /* Build configuration list for PBXProject "ACM-Challenge2" */;
			compatibilityVersion = "Xcode 9.3";
			developmentRegion = en;
			hasScannedForEncodings = 0;
			knownRegions = (
				en,
				Base,
			);
			mainGroup = 8690A3B62423E482004913F1;
			productRefGroup = 8690A3C02423E482004913F1 /* Products */;
			projectDirPath = "";
			projectRoot = "";
			targets = (
				8690A3BE2423E482004913F1 /* ACM-Challenge2 */,
			);
		};
/* End PBXProject section */

/* Begin PBXResourcesBuildPhase section */
		8690A3BD2423E482004913F1 /* Resources */ = {
			isa = PBXResourcesBuildPhase;
			buildActionMask = 2147483647;
			files = (
				8690A3CF2423E487004913F1 /* LaunchScreen.storyboard in Resources */,
				5B7BC3762424973300668ACD /* GoogleService-Info.plist in Resources */,
				8690A3CC2423E487004913F1 /* Assets.xcassets in Resources */,
				8690A3CA2423E482004913F1 /* Main.storyboard in Resources */,
				5B7BC37E24250BBA00668ACD /* File in Resources */,
			);
			runOnlyForDeploymentPostprocessing = 0;
		};
/* End PBXResourcesBuildPhase section */

/* Begin PBXShellScriptBuildPhase section */
		949724590817356FE3952EC9 /* [CP] Check Pods Manifest.lock */ = {
			isa = PBXShellScriptBuildPhase;
			buildActionMask = 2147483647;
			files = (
			);
			inputFileListPaths = (
			);
			inputPaths = (
				"${PODS_PODFILE_DIR_PATH}/Podfile.lock",
				"${PODS_ROOT}/Manifest.lock",
			);
			name = "[CP] Check Pods Manifest.lock";
			outputFileListPaths = (
			);
			outputPaths = (
				"$(DERIVED_FILE_DIR)/Pods-ACM-Challenge2-checkManifestLockResult.txt",
			);
			runOnlyForDeploymentPostprocessing = 0;
			shellPath = /bin/sh;
			shellScript = "diff \"${PODS_PODFILE_DIR_PATH}/Podfile.lock\" \"${PODS_ROOT}/Manifest.lock\" > /dev/null\nif [ $? != 0 ] ; then\n    # print error to STDERR\n    echo \"error: The sandbox is not in sync with the Podfile.lock. Run 'pod install' or update your CocoaPods installation.\" >&2\n    exit 1\nfi\n# This output is used by Xcode 'outputs' to avoid re-running this script phase.\necho \"SUCCESS\" > \"${SCRIPT_OUTPUT_FILE_0}\"\n";
			showEnvVarsInLog = 0;
		};
		C468172A3C9EC80B16E7F3E6 /* [CP] Embed Pods Frameworks */ = {
			isa = PBXShellScriptBuildPhase;
			buildActionMask = 2147483647;
			files = (
			);
			inputFileListPaths = (
				"${PODS_ROOT}/Target Support Files/Pods-ACM-Challenge2/Pods-ACM-Challenge2-frameworks-${CONFIGURATION}-input-files.xcfilelist",
			);
			name = "[CP] Embed Pods Frameworks";
			outputFileListPaths = (
				"${PODS_ROOT}/Target Support Files/Pods-ACM-Challenge2/Pods-ACM-Challenge2-frameworks-${CONFIGURATION}-output-files.xcfilelist",
			);
			runOnlyForDeploymentPostprocessing = 0;
			shellPath = /bin/sh;
			shellScript = "\"${PODS_ROOT}/Target Support Files/Pods-ACM-Challenge2/Pods-ACM-Challenge2-frameworks.sh\"\n";
			showEnvVarsInLog = 0;
		};
/* End PBXShellScriptBuildPhase section */

/* Begin PBXSourcesBuildPhase section */
		8690A3BB2423E482004913F1 /* Sources */ = {
			isa = PBXSourcesBuildPhase;
			buildActionMask = 2147483647;
			files = (
				8690A3C72423E482004913F1 /* ViewController.swift in Sources */,
				5B7BC3802425104600668ACD /* ShowProfileDataViewController.swift in Sources */,
				5B7BC37C2424FCF200668ACD /* dataTableViewCell.swift in Sources */,
				5B7BC3782424A57A00668ACD /* mapViewController.swift in Sources */,
				8690A3C32423E482004913F1 /* AppDelegate.swift in Sources */,
				5B7BC374242491BF00668ACD /* ProfileViewController.swift in Sources */,
				5B7BC38224253D8000668ACD /* Utilities.swift in Sources */,
				5B7BC37A2424F3C200668ACD /* DataViewController.swift in Sources */,
				5BA5F8422426611700B88547 /* Countries.swift in Sources */,
				8690A3C52423E482004913F1 /* SceneDelegate.swift in Sources */,
			);
			runOnlyForDeploymentPostprocessing = 0;
		};
/* End PBXSourcesBuildPhase section */

/* Begin PBXVariantGroup section */
		8690A3C82423E482004913F1 /* Main.storyboard */ = {
			isa = PBXVariantGroup;
			children = (
				8690A3C92423E482004913F1 /* Base */,
			);
			name = Main.storyboard;
			sourceTree = "<group>";
		};
		8690A3CD2423E487004913F1 /* LaunchScreen.storyboard */ = {
			isa = PBXVariantGroup;
			children = (
				8690A3CE2423E487004913F1 /* Base */,
			);
			name = LaunchScreen.storyboard;
			sourceTree = "<group>";
		};
/* End PBXVariantGroup section */

/* Begin XCBuildConfiguration section */
		8690A3D12423E487004913F1 /* Debug */ = {
			isa = XCBuildConfiguration;
			buildSettings = {
				ALWAYS_SEARCH_USER_PATHS = NO;
				CLANG_ANALYZER_NONNULL = YES;
				CLANG_ANALYZER_NUMBER_OBJECT_CONVERSION = YES_AGGRESSIVE;
				CLANG_CXX_LANGUAGE_STANDARD = "gnu++14";
				CLANG_CXX_LIBRARY = "libc++";
				CLANG_ENABLE_MODULES = YES;
				CLANG_ENABLE_OBJC_ARC = YES;
				CLANG_ENABLE_OBJC_WEAK = YES;
				CLANG_WARN_BLOCK_CAPTURE_AUTORELEASING = YES;
				CLANG_WARN_BOOL_CONVERSION = YES;
				CLANG_WARN_COMMA = YES;
				CLANG_WARN_CONSTANT_CONVERSION = YES;
				CLANG_WARN_DEPRECATED_OBJC_IMPLEMENTATIONS = YES;
				CLANG_WARN_DIRECT_OBJC_ISA_USAGE = YES_ERROR;
				CLANG_WARN_DOCUMENTATION_COMMENTS = YES;
				CLANG_WARN_EMPTY_BODY = YES;
				CLANG_WARN_ENUM_CONVERSION = YES;
				CLANG_WARN_INFINITE_RECURSION = YES;
				CLANG_WARN_INT_CONVERSION = YES;
				CLANG_WARN_NON_LITERAL_NULL_CONVERSION = YES;
				CLANG_WARN_OBJC_IMPLICIT_RETAIN_SELF = YES;
				CLANG_WARN_OBJC_LITERAL_CONVERSION = YES;
				CLANG_WARN_OBJC_ROOT_CLASS = YES_ERROR;
				CLANG_WARN_RANGE_LOOP_ANALYSIS = YES;
				CLANG_WARN_STRICT_PROTOTYPES = YES;
				CLANG_WARN_SUSPICIOUS_MOVE = YES;
				CLANG_WARN_UNGUARDED_AVAILABILITY = YES_AGGRESSIVE;
				CLANG_WARN_UNREACHABLE_CODE = YES;
				CLANG_WARN__DUPLICATE_METHOD_MATCH = YES;
				COPY_PHASE_STRIP = NO;
				DEBUG_INFORMATION_FORMAT = dwarf;
				ENABLE_STRICT_OBJC_MSGSEND = YES;
				ENABLE_TESTABILITY = YES;
				GCC_C_LANGUAGE_STANDARD = gnu11;
				GCC_DYNAMIC_NO_PIC = NO;
				GCC_NO_COMMON_BLOCKS = YES;
				GCC_OPTIMIZATION_LEVEL = 0;
				GCC_PREPROCESSOR_DEFINITIONS = (
					"DEBUG=1",
					"$(inherited)",
				);
				GCC_WARN_64_TO_32_BIT_CONVERSION = YES;
				GCC_WARN_ABOUT_RETURN_TYPE = YES_ERROR;
				GCC_WARN_UNDECLARED_SELECTOR = YES;
				GCC_WARN_UNINITIALIZED_AUTOS = YES_AGGRESSIVE;
				GCC_WARN_UNUSED_FUNCTION = YES;
				GCC_WARN_UNUSED_VARIABLE = YES;
				IPHONEOS_DEPLOYMENT_TARGET = 13.0;
				MTL_ENABLE_DEBUG_INFO = INCLUDE_SOURCE;
				MTL_FAST_MATH = YES;
				ONLY_ACTIVE_ARCH = YES;
				SDKROOT = iphoneos;
				SWIFT_ACTIVE_COMPILATION_CONDITIONS = DEBUG;
				SWIFT_OPTIMIZATION_LEVEL = "-Onone";
			};
			name = Debug;
		};
		8690A3D22423E487004913F1 /* Release */ = {
			isa = XCBuildConfiguration;
			buildSettings = {
				ALWAYS_SEARCH_USER_PATHS = NO;
				CLANG_ANALYZER_NONNULL = YES;
				CLANG_ANALYZER_NUMBER_OBJECT_CONVERSION = YES_AGGRESSIVE;
				CLANG_CXX_LANGUAGE_STANDARD = "gnu++14";
				CLANG_CXX_LIBRARY = "libc++";
				CLANG_ENABLE_MODULES = YES;
				CLANG_ENABLE_OBJC_ARC = YES;
				CLANG_ENABLE_OBJC_WEAK = YES;
				CLANG_WARN_BLOCK_CAPTURE_AUTORELEASING = YES;
				CLANG_WARN_BOOL_CONVERSION = YES;
				CLANG_WARN_COMMA = YES;
				CLANG_WARN_CONSTANT_CONVERSION = YES;
				CLANG_WARN_DEPRECATED_OBJC_IMPLEMENTATIONS = YES;
				CLANG_WARN_DIRECT_OBJC_ISA_USAGE = YES_ERROR;
				CLANG_WARN_DOCUMENTATION_COMMENTS = YES;
				CLANG_WARN_EMPTY_BODY = YES;
				CLANG_WARN_ENUM_CONVERSION = YES;
				CLANG_WARN_INFINITE_RECURSION = YES;
				CLANG_WARN_INT_CONVERSION = YES;
				CLANG_WARN_NON_LITERAL_NULL_CONVERSION = YES;
				CLANG_WARN_OBJC_IMPLICIT_RETAIN_SELF = YES;
				CLANG_WARN_OBJC_LITERAL_CONVERSION = YES;
				CLANG_WARN_OBJC_ROOT_CLASS = YES_ERROR;
				CLANG_WARN_RANGE_LOOP_ANALYSIS = YES;
				CLANG_WARN_STRICT_PROTOTYPES = YES;
				CLANG_WARN_SUSPICIOUS_MOVE = YES;
				CLANG_WARN_UNGUARDED_AVAILABILITY = YES_AGGRESSIVE;
				CLANG_WARN_UNREACHABLE_CODE = YES;
				CLANG_WARN__DUPLICATE_METHOD_MATCH = YES;
				COPY_PHASE_STRIP = NO;
				DEBUG_INFORMATION_FORMAT = "dwarf-with-dsym";
				ENABLE_NS_ASSERTIONS = NO;
				ENABLE_STRICT_OBJC_MSGSEND = YES;
				GCC_C_LANGUAGE_STANDARD = gnu11;
				GCC_NO_COMMON_BLOCKS = YES;
				GCC_WARN_64_TO_32_BIT_CONVERSION = YES;
				GCC_WARN_ABOUT_RETURN_TYPE = YES_ERROR;
				GCC_WARN_UNDECLARED_SELECTOR = YES;
				GCC_WARN_UNINITIALIZED_AUTOS = YES_AGGRESSIVE;
				GCC_WARN_UNUSED_FUNCTION = YES;
				GCC_WARN_UNUSED_VARIABLE = YES;
				IPHONEOS_DEPLOYMENT_TARGET = 13.0;
				MTL_ENABLE_DEBUG_INFO = NO;
				MTL_FAST_MATH = YES;
				SDKROOT = iphoneos;
				SWIFT_COMPILATION_MODE = wholemodule;
				SWIFT_OPTIMIZATION_LEVEL = "-O";
				VALIDATE_PRODUCT = YES;
			};
			name = Release;
		};
		8690A3D42423E487004913F1 /* Debug */ = {
			isa = XCBuildConfiguration;
			baseConfigurationReference = B089476B60653F30A3D2424C /* Pods-ACM-Challenge2.debug.xcconfig */;
			buildSettings = {
				ASSETCATALOG_COMPILER_APPICON_NAME = AppIcon;
				CODE_SIGN_STYLE = Automatic;
				DEVELOPMENT_TEAM = F8CHS6PHQS;
				INFOPLIST_FILE = "ACM-Challenge2/Info.plist";
				IPHONEOS_DEPLOYMENT_TARGET = 13.0;
				LD_RUNPATH_SEARCH_PATHS = (
					"$(inherited)",
					"@executable_path/Frameworks",
				);
				PRODUCT_BUNDLE_IDENTIFIER = "com.garimabothra.ACM-Challenge2";
				PRODUCT_NAME = "$(TARGET_NAME)";
				SWIFT_VERSION = 5.0;
				TARGETED_DEVICE_FAMILY = "1,2";
			};
			name = Debug;
		};
		8690A3D52423E487004913F1 /* Release */ = {
			isa = XCBuildConfiguration;
			baseConfigurationReference = A2B4210C593D899315A449AE /* Pods-ACM-Challenge2.release.xcconfig */;
			buildSettings = {
				ASSETCATALOG_COMPILER_APPICON_NAME = AppIcon;
				CODE_SIGN_STYLE = Automatic;
				DEVELOPMENT_TEAM = F8CHS6PHQS;
				INFOPLIST_FILE = "ACM-Challenge2/Info.plist";
				IPHONEOS_DEPLOYMENT_TARGET = 13.0;
				LD_RUNPATH_SEARCH_PATHS = (
					"$(inherited)",
					"@executable_path/Frameworks",
				);
				PRODUCT_BUNDLE_IDENTIFIER = "com.garimabothra.ACM-Challenge2";
				PRODUCT_NAME = "$(TARGET_NAME)";
				SWIFT_VERSION = 5.0;
				TARGETED_DEVICE_FAMILY = "1,2";
			};
			name = Release;
		};
/* End XCBuildConfiguration section */

/* Begin XCConfigurationList section */
		8690A3BA2423E482004913F1 /* Build configuration list for PBXProject "ACM-Challenge2" */ = {
			isa = XCConfigurationList;
			buildConfigurations = (
				8690A3D12423E487004913F1 /* Debug */,
				8690A3D22423E487004913F1 /* Release */,
			);
			defaultConfigurationIsVisible = 0;
			defaultConfigurationName = Release;
		};
		8690A3D32423E487004913F1 /* Build configuration list for PBXNativeTarget "ACM-Challenge2" */ = {
			isa = XCConfigurationList;
			buildConfigurations = (
				8690A3D42423E487004913F1 /* Debug */,
				8690A3D52423E487004913F1 /* Release */,
			);
			defaultConfigurationIsVisible = 0;
			defaultConfigurationName = Release;
		};
/* End XCConfigurationList section */
	};
	rootObject = 8690A3B72423E482004913F1 /* Project object */;
}
